
Microsoft Visual Studio Solution File, Format Version 12.00
# Visual Studio Version 17
VisualStudioVersion = 17.3.32929.385
MinimumVisualStudioVersion = 10.0.40219.1
Project("{FAE04EC0-301F-11D3-BF4B-00C04F79EFBC}") = "BasicMath", "BasicMath.csproj", "{949F1464-67AA-4F22-96D7-42653F6284B7}"
EndProject
Project("{FAE04EC0-301F-11D3-BF4B-00C04F79EFBC}") = "BasicMathTests", "..\BasicMathTests\BasicMathTests.csproj", "{9C70839A-F9F5-46B2-A824-F33A3486BEE1}"
EndProject
Global
	GlobalSection(SolutionConfigurationPlatforms) = preSolution
		Debug|Any CPU = Debug|Any CPU
		Release|Any CPU = Release|Any CPU
	EndGlobalSection
	GlobalSection(ProjectConfigurationPlatforms) = postSolution
		{949F1464-67AA-4F22-96D7-42653F6284B7}.Debug|Any CPU.ActiveCfg = Debug|Any CPU
		{949F1464-67AA-4F22-96D7-42653F6284B7}.Debug|Any CPU.Build.0 = Debug|Any CPU
		{949F1464-67AA-4F22-96D7-42653F6284B7}.Release|Any CPU.ActiveCfg = Release|Any CPU
		{949F1464-67AA-4F22-96D7-42653F6284B7}.Release|Any CPU.Build.0 = Release|Any CPU
		{9C70839A-F9F5-46B2-A824-F33A3486BEE1}.Debug|Any CPU.ActiveCfg = Debug|Any CPU
		{9C70839A-F9F5-46B2-A824-F33A3486BEE1}.Debug|Any CPU.Build.0 = Debug|Any CPU
		{9C70839A-F9F5-46B2-A824-F33A3486BEE1}.Release|Any CPU.ActiveCfg = Release|Any CPU
		{9C70839A-F9F5-46B2-A824-F33A3486BEE1}.Release|Any CPU.Build.0 = Release|Any CPU
	EndGlobalSection
	GlobalSection(SolutionProperties) = preSolution
		HideSolutionNode = FALSE
	EndGlobalSection
	GlobalSection(ExtensibilityGlobals) = postSolution
		SolutionGuid = {D21652E0-4C53-4350-978B-0848745FB46D}
	EndGlobalSection
EndGlobal
