
Microsoft Visual Studio Solution File, Format Version 12.00
# Visual Studio Version 17
VisualStudioVersion = 17.3.32929.385
MinimumVisualStudioVersion = 10.0.40219.1
Project("{FAE04EC0-301F-11D3-BF4B-00C04F79EFBC}") = "Bank Exercise", "Bank Exercise.csproj", "{982F5B2B-B37F-4A26-8784-4A4F5D9D20ED}"
EndProject
Project("{FAE04EC0-301F-11D3-BF4B-00C04F79EFBC}") = "Bank ExerciseTests", "..\Bank ExerciseTests\Bank ExerciseTests.csproj", "{864B2A0E-A424-4DB9-9492-E7719C7F1428}"
EndProject
Global
	GlobalSection(SolutionConfigurationPlatforms) = preSolution
		Debug|Any CPU = Debug|Any CPU
		Release|Any CPU = Release|Any CPU
	EndGlobalSection
	GlobalSection(ProjectConfigurationPlatforms) = postSolution
		{982F5B2B-B37F-4A26-8784-4A4F5D9D20ED}.Debug|Any CPU.ActiveCfg = Debug|Any CPU
		{982F5B2B-B37F-4A26-8784-4A4F5D9D20ED}.Debug|Any CPU.Build.0 = Debug|Any CPU
		{982F5B2B-B37F-4A26-8784-4A4F5D9D20ED}.Release|Any CPU.ActiveCfg = Release|Any CPU
		{982F5B2B-B37F-4A26-8784-4A4F5D9D20ED}.Release|Any CPU.Build.0 = Release|Any CPU
		{864B2A0E-A424-4DB9-9492-E7719C7F1428}.Debug|Any CPU.ActiveCfg = Debug|Any CPU
		{864B2A0E-A424-4DB9-9492-E7719C7F1428}.Debug|Any CPU.Build.0 = Debug|Any CPU
		{864B2A0E-A424-4DB9-9492-E7719C7F1428}.Release|Any CPU.ActiveCfg = Release|Any CPU
		{864B2A0E-A424-4DB9-9492-E7719C7F1428}.Release|Any CPU.Build.0 = Release|Any CPU
	EndGlobalSection
	GlobalSection(SolutionProperties) = preSolution
		HideSolutionNode = FALSE
	EndGlobalSection
	GlobalSection(ExtensibilityGlobals) = postSolution
		SolutionGuid = {929FDD04-A69C-49B4-A44F-7605F8310673}
	EndGlobalSection
EndGlobal
