
Microsoft Visual Studio Solution File, Format Version 12.00
# Visual Studio Version 17
VisualStudioVersion = 17.3.32929.385
MinimumVisualStudioVersion = 10.0.40219.1
Project("{FAE04EC0-301F-11D3-BF4B-00C04F79EFBC}") = "WebApplicationLab06MVC", "WebApplicationLab06MVC.csproj", "{5A4F6DE3-4910-47C1-AC71-1E249D8BE017}"
EndProject
Global
	GlobalSection(SolutionConfigurationPlatforms) = preSolution
		Debug|Any CPU = Debug|Any CPU
		Release|Any CPU = Release|Any CPU
	EndGlobalSection
	GlobalSection(ProjectConfigurationPlatforms) = postSolution
		{5A4F6DE3-4910-47C1-AC71-1E249D8BE017}.Debug|Any CPU.ActiveCfg = Debug|Any CPU
		{5A4F6DE3-4910-47C1-AC71-1E249D8BE017}.Debug|Any CPU.Build.0 = Debug|Any CPU
		{5A4F6DE3-4910-47C1-AC71-1E249D8BE017}.Release|Any CPU.ActiveCfg = Release|Any CPU
		{5A4F6DE3-4910-47C1-AC71-1E249D8BE017}.Release|Any CPU.Build.0 = Release|Any CPU
	EndGlobalSection
	GlobalSection(SolutionProperties) = preSolution
		HideSolutionNode = FALSE
	EndGlobalSection
	GlobalSection(ExtensibilityGlobals) = postSolution
		SolutionGuid = {090390EF-5CE9-473B-AE54-4680B809FDAF}
	EndGlobalSection
EndGlobal
