
Microsoft Visual Studio Solution File, Format Version 12.00
# Visual Studio Version 17
VisualStudioVersion = 17.3.32929.385
MinimumVisualStudioVersion = 10.0.40219.1
Project("{FAE04EC0-301F-11D3-BF4B-00C04F79EFBC}") = "WindowsFormsApp1", "WindowsFormsApp1.csproj", "{1825CC8A-6157-49B8-8195-EBCD9F37B652}"
EndProject
Global
	GlobalSection(SolutionConfigurationPlatforms) = preSolution
		Debug|Any CPU = Debug|Any CPU
		Release|Any CPU = Release|Any CPU
	EndGlobalSection
	GlobalSection(ProjectConfigurationPlatforms) = postSolution
		{1825CC8A-6157-49B8-8195-EBCD9F37B652}.Debug|Any CPU.ActiveCfg = Debug|Any CPU
		{1825CC8A-6157-49B8-8195-EBCD9F37B652}.Debug|Any CPU.Build.0 = Debug|Any CPU
		{1825CC8A-6157-49B8-8195-EBCD9F37B652}.Release|Any CPU.ActiveCfg = Release|Any CPU
		{1825CC8A-6157-49B8-8195-EBCD9F37B652}.Release|Any CPU.Build.0 = Release|Any CPU
	EndGlobalSection
	GlobalSection(SolutionProperties) = preSolution
		HideSolutionNode = FALSE
	EndGlobalSection
	GlobalSection(ExtensibilityGlobals) = postSolution
		SolutionGuid = {04F80BD3-CCE1-4E99-AE87-26093019C7D5}
	EndGlobalSection
EndGlobal
