
Microsoft Visual Studio Solution File, Format Version 12.00
# Visual Studio Version 17
VisualStudioVersion = 17.3.32929.385
MinimumVisualStudioVersion = 10.0.40219.1
Project("{FAE04EC0-301F-11D3-BF4B-00C04F79EFBC}") = "UnitTestExcercise", "UnitTestExcercise\UnitTestExcercise.csproj", "{5ECBDC28-CA62-4735-8116-F6BFB880519A}"
EndProject
Project("{FAE04EC0-301F-11D3-BF4B-00C04F79EFBC}") = "UnitTestExcerciseTests", "UnitTestExcerciseTests\UnitTestExcerciseTests.csproj", "{A6D1251A-4D4E-4931-9AED-AD7F06E70D23}"
EndProject
Global
	GlobalSection(SolutionConfigurationPlatforms) = preSolution
		Debug|Any CPU = Debug|Any CPU
		Release|Any CPU = Release|Any CPU
	EndGlobalSection
	GlobalSection(ProjectConfigurationPlatforms) = postSolution
		{5ECBDC28-CA62-4735-8116-F6BFB880519A}.Debug|Any CPU.ActiveCfg = Debug|Any CPU
		{5ECBDC28-CA62-4735-8116-F6BFB880519A}.Debug|Any CPU.Build.0 = Debug|Any CPU
		{5ECBDC28-CA62-4735-8116-F6BFB880519A}.Release|Any CPU.ActiveCfg = Release|Any CPU
		{5ECBDC28-CA62-4735-8116-F6BFB880519A}.Release|Any CPU.Build.0 = Release|Any CPU
		{A6D1251A-4D4E-4931-9AED-AD7F06E70D23}.Debug|Any CPU.ActiveCfg = Debug|Any CPU
		{A6D1251A-4D4E-4931-9AED-AD7F06E70D23}.Debug|Any CPU.Build.0 = Debug|Any CPU
		{A6D1251A-4D4E-4931-9AED-AD7F06E70D23}.Release|Any CPU.ActiveCfg = Release|Any CPU
		{A6D1251A-4D4E-4931-9AED-AD7F06E70D23}.Release|Any CPU.Build.0 = Release|Any CPU
	EndGlobalSection
	GlobalSection(SolutionProperties) = preSolution
		HideSolutionNode = FALSE
	EndGlobalSection
	GlobalSection(ExtensibilityGlobals) = postSolution
		SolutionGuid = {9E7B66FD-E08B-4432-BE21-88A7BB2E81E7}
	EndGlobalSection
EndGlobal
